
Microsoft Visual Studio Solution File, Format Version 12.00
# Visual Studio Version 16
VisualStudioVersion = 16.0.29424.173
MinimumVisualStudioVersion = 10.0.40219.1
Project("{FAE04EC0-301F-11D3-BF4B-00C04F79EFBC}") = "client007", "client007.csproj", "{110D57CC-B02A-4AEF-B8B3-072BF105559F}"
EndProject
Global
	GlobalSection(SolutionConfigurationPlatforms) = preSolution
		Debug|Any CPU = Debug|Any CPU
		Release|Any CPU = Release|Any CPU
	EndGlobalSection
	GlobalSection(ProjectConfigurationPlatforms) = postSolution
		{110D57CC-B02A-4AEF-B8B3-072BF105559F}.Debug|Any CPU.ActiveCfg = Debug|Any CPU
		{110D57CC-B02A-4AEF-B8B3-072BF105559F}.Debug|Any CPU.Build.0 = Debug|Any CPU
		{110D57CC-B02A-4AEF-B8B3-072BF105559F}.Release|Any CPU.ActiveCfg = Release|Any CPU
		{110D57CC-B02A-4AEF-B8B3-072BF105559F}.Release|Any CPU.Build.0 = Release|Any CPU
	EndGlobalSection
	GlobalSection(SolutionProperties) = preSolution
		HideSolutionNode = FALSE
	EndGlobalSection
	GlobalSection(ExtensibilityGlobals) = postSolution
		SolutionGuid = {6AAE5207-D7CF-47E1-9013-17D98F822D46}
	EndGlobalSection
EndGlobal
